// !$*UTF8*$!
{
	archiveVersion = 1;
	classes = {
	};
	objectVersion = 56;
	objects = {

/* Begin PBXBuildFile section */
		B7A1F0BF2A52A2B800066009 /* OTTContentsApp.swift in Sources */ = {isa = PBXBuildFile; fileRef = B7A1F0BE2A52A2B800066009 /* OTTContentsApp.swift */; };
		B7A1F0C12A52A2B800066009 /* ContentView.swift in Sources */ = {isa = PBXBuildFile; fileRef = B7A1F0C02A52A2B800066009 /* ContentView.swift */; };
		B7A1F0C32A52A2B900066009 /* Assets.xcassets in Resources */ = {isa = PBXBuildFile; fileRef = B7A1F0C22A52A2B900066009 /* Assets.xcassets */; };
		B7A1F0C62A52A2B900066009 /* Preview Assets.xcassets in Resources */ = {isa = PBXBuildFile; fileRef = B7A1F0C52A52A2B900066009 /* Preview Assets.xcassets */; };
		B7A1F0CF2A52A8D900066009 /* MovieModel.swift in Sources */ = {isa = PBXBuildFile; fileRef = B7A1F0CE2A52A8D900066009 /* MovieModel.swift */; };
		B7A1F0D12A52A8E100066009 /* DramaModel.swift in Sources */ = {isa = PBXBuildFile; fileRef = B7A1F0D02A52A8E100066009 /* DramaModel.swift */; };
		B7A1F0D32A52A8EB00066009 /* ComicModel.swift in Sources */ = {isa = PBXBuildFile; fileRef = B7A1F0D22A52A8EB00066009 /* ComicModel.swift */; };
		B7A1F0D62A52A92100066009 /* ContentModel.swift in Sources */ = {isa = PBXBuildFile; fileRef = B7A1F0D52A52A92100066009 /* ContentModel.swift */; };
		B7A1F0D82A52A97B00066009 /* ContentData.swift in Sources */ = {isa = PBXBuildFile; fileRef = B7A1F0D72A52A97B00066009 /* ContentData.swift */; };
		B7A1F0DC2A52B15000066009 /* MovieView.swift in Sources */ = {isa = PBXBuildFile; fileRef = B7A1F0DB2A52B15000066009 /* MovieView.swift */; };
		B7A1F0DE2A52B15500066009 /* DramaView.swift in Sources */ = {isa = PBXBuildFile; fileRef = B7A1F0DD2A52B15500066009 /* DramaView.swift */; };
		B7A1F0E02A52B16500066009 /* ComicView.swift in Sources */ = {isa = PBXBuildFile; fileRef = B7A1F0DF2A52B16500066009 /* ComicView.swift */; };
		B7A1F0E22A52B49800066009 /* MovieDetailView.swift in Sources */ = {isa = PBXBuildFile; fileRef = B7A1F0E12A52B49800066009 /* MovieDetailView.swift */; };
		B7A1F0E42A52B4E700066009 /* DramaDetailView.swift in Sources */ = {isa = PBXBuildFile; fileRef = B7A1F0E32A52B4E700066009 /* DramaDetailView.swift */; };
		B7A1F0E62A52B50F00066009 /* ComicDetailView.swift in Sources */ = {isa = PBXBuildFile; fileRef = B7A1F0E52A52B50F00066009 /* ComicDetailView.swift */; };
		B7A1F0E82A52B55500066009 /* ContentProtocol.swift in Sources */ = {isa = PBXBuildFile; fileRef = B7A1F0E72A52B55500066009 /* ContentProtocol.swift */; };
/* End PBXBuildFile section */

/* Begin PBXFileReference section */
		B7A1F0BB2A52A2B800066009 /* OTTContents.app */ = {isa = PBXFileReference; explicitFileType = wrapper.application; includeInIndex = 0; path = OTTContents.app; sourceTree = BUILT_PRODUCTS_DIR; };
		B7A1F0BE2A52A2B800066009 /* OTTContentsApp.swift */ = {isa = PBXFileReference; lastKnownFileType = sourcecode.swift; path = OTTContentsApp.swift; sourceTree = "<group>"; };
		B7A1F0C02A52A2B800066009 /* ContentView.swift */ = {isa = PBXFileReference; lastKnownFileType = sourcecode.swift; path = ContentView.swift; sourceTree = "<group>"; };
		B7A1F0C22A52A2B900066009 /* Assets.xcassets */ = {isa = PBXFileReference; lastKnownFileType = folder.assetcatalog; path = Assets.xcassets; sourceTree = "<group>"; };
		B7A1F0C52A52A2B900066009 /* Preview Assets.xcassets */ = {isa = PBXFileReference; lastKnownFileType = folder.assetcatalog; path = "Preview Assets.xcassets"; sourceTree = "<group>"; };
		B7A1F0CE2A52A8D900066009 /* MovieModel.swift */ = {isa = PBXFileReference; lastKnownFileType = sourcecode.swift; path = MovieModel.swift; sourceTree = "<group>"; };
		B7A1F0D02A52A8E100066009 /* DramaModel.swift */ = {isa = PBXFileReference; lastKnownFileType = sourcecode.swift; path = DramaModel.swift; sourceTree = "<group>"; };
		B7A1F0D22A52A8EB00066009 /* ComicModel.swift */ = {isa = PBXFileReference; lastKnownFileType = sourcecode.swift; path = ComicModel.swift; sourceTree = "<group>"; };
		B7A1F0D52A52A92100066009 /* ContentModel.swift */ = {isa = PBXFileReference; lastKnownFileType = sourcecode.swift; path = ContentModel.swift; sourceTree = "<group>"; };
		B7A1F0D72A52A97B00066009 /* ContentData.swift */ = {isa = PBXFileReference; lastKnownFileType = sourcecode.swift; path = ContentData.swift; sourceTree = "<group>"; };
		B7A1F0DB2A52B15000066009 /* MovieView.swift */ = {isa = PBXFileReference; lastKnownFileType = sourcecode.swift; path = MovieView.swift; sourceTree = "<group>"; };
		B7A1F0DD2A52B15500066009 /* DramaView.swift */ = {isa = PBXFileReference; lastKnownFileType = sourcecode.swift; path = DramaView.swift; sourceTree = "<group>"; };
		B7A1F0DF2A52B16500066009 /* ComicView.swift */ = {isa = PBXFileReference; lastKnownFileType = sourcecode.swift; path = ComicView.swift; sourceTree = "<group>"; };
		B7A1F0E12A52B49800066009 /* MovieDetailView.swift */ = {isa = PBXFileReference; lastKnownFileType = sourcecode.swift; path = MovieDetailView.swift; sourceTree = "<group>"; };
		B7A1F0E32A52B4E700066009 /* DramaDetailView.swift */ = {isa = PBXFileReference; lastKnownFileType = sourcecode.swift; path = DramaDetailView.swift; sourceTree = "<group>"; };
		B7A1F0E52A52B50F00066009 /* ComicDetailView.swift */ = {isa = PBXFileReference; lastKnownFileType = sourcecode.swift; path = ComicDetailView.swift; sourceTree = "<group>"; };
		B7A1F0E72A52B55500066009 /* ContentProtocol.swift */ = {isa = PBXFileReference; lastKnownFileType = sourcecode.swift; path = ContentProtocol.swift; sourceTree = "<group>"; };
/* End PBXFileReference section */

/* Begin PBXFrameworksBuildPhase section */
		B7A1F0B82A52A2B800066009 /* Frameworks */ = {
			isa = PBXFrameworksBuildPhase;
			buildActionMask = 2147483647;
			files = (
			);
			runOnlyForDeploymentPostprocessing = 0;
		};
/* End PBXFrameworksBuildPhase section */

/* Begin PBXGroup section */
		B7A1F0B22A52A2B800066009 = {
			isa = PBXGroup;
			children = (
				B7A1F0BD2A52A2B800066009 /* OTTContents */,
				B7A1F0BC2A52A2B800066009 /* Products */,
			);
			sourceTree = "<group>";
		};
		B7A1F0BC2A52A2B800066009 /* Products */ = {
			isa = PBXGroup;
			children = (
				B7A1F0BB2A52A2B800066009 /* OTTContents.app */,
			);
			name = Products;
			sourceTree = "<group>";
		};
		B7A1F0BD2A52A2B800066009 /* OTTContents */ = {
			isa = PBXGroup;
			children = (
				B7A1F0BE2A52A2B800066009 /* OTTContentsApp.swift */,
				B7A1F0D92A52A97F00066009 /* Data */,
				B7A1F0D42A52A8F000066009 /* Models */,
				B7A1F0DA2A52B13300066009 /* Views */,
				B7A1F0C22A52A2B900066009 /* Assets.xcassets */,
				B7A1F0C42A52A2B900066009 /* Preview Content */,
			);
			path = OTTContents;
			sourceTree = "<group>";
		};
		B7A1F0C42A52A2B900066009 /* Preview Content */ = {
			isa = PBXGroup;
			children = (
				B7A1F0C52A52A2B900066009 /* Preview Assets.xcassets */,
			);
			path = "Preview Content";
			sourceTree = "<group>";
		};
		B7A1F0D42A52A8F000066009 /* Models */ = {
			isa = PBXGroup;
			children = (
				B7A1F0D52A52A92100066009 /* ContentModel.swift */,
				B7A1F0CE2A52A8D900066009 /* MovieModel.swift */,
				B7A1F0D02A52A8E100066009 /* DramaModel.swift */,
				B7A1F0D22A52A8EB00066009 /* ComicModel.swift */,
			);
			path = Models;
			sourceTree = "<group>";
		};
		B7A1F0D92A52A97F00066009 /* Data */ = {
			isa = PBXGroup;
			children = (
				B7A1F0D72A52A97B00066009 /* ContentData.swift */,
				B7A1F0E72A52B55500066009 /* ContentProtocol.swift */,
			);
			path = Data;
			sourceTree = "<group>";
		};
		B7A1F0DA2A52B13300066009 /* Views */ = {
			isa = PBXGroup;
			children = (
				B7A1F0C02A52A2B800066009 /* ContentView.swift */,
				B7A1F0DB2A52B15000066009 /* MovieView.swift */,
				B7A1F0E12A52B49800066009 /* MovieDetailView.swift */,
				B7A1F0DD2A52B15500066009 /* DramaView.swift */,
				B7A1F0E32A52B4E700066009 /* DramaDetailView.swift */,
				B7A1F0DF2A52B16500066009 /* ComicView.swift */,
				B7A1F0E52A52B50F00066009 /* ComicDetailView.swift */,
			);
			path = Views;
			sourceTree = "<group>";
		};
/* End PBXGroup section */

/* Begin PBXNativeTarget section */
		B7A1F0BA2A52A2B800066009 /* OTTContents */ = {
			isa = PBXNativeTarget;
			buildConfigurationList = B7A1F0C92A52A2B900066009 /* Build configuration list for PBXNativeTarget "OTTContents" */;
			buildPhases = (
				B7A1F0B72A52A2B800066009 /* Sources */,
				B7A1F0B82A52A2B800066009 /* Frameworks */,
				B7A1F0B92A52A2B800066009 /* Resources */,
			);
			buildRules = (
			);
			dependencies = (
			);
			name = OTTContents;
			productName = OTTContents;
			productReference = B7A1F0BB2A52A2B800066009 /* OTTContents.app */;
			productType = "com.apple.product-type.application";
		};
/* End PBXNativeTarget section */

/* Begin PBXProject section */
		B7A1F0B32A52A2B800066009 /* Project object */ = {
			isa = PBXProject;
			attributes = {
				BuildIndependentTargetsInParallel = 1;
				LastSwiftUpdateCheck = 1430;
				LastUpgradeCheck = 1430;
				TargetAttributes = {
					B7A1F0BA2A52A2B800066009 = {
						CreatedOnToolsVersion = 14.3.1;
					};
				};
			};
			buildConfigurationList = B7A1F0B62A52A2B800066009 /* Build configuration list for PBXProject "OTTContents" */;
			compatibilityVersion = "Xcode 14.0";
			developmentRegion = en;
			hasScannedForEncodings = 0;
			knownRegions = (
				en,
				Base,
			);
			mainGroup = B7A1F0B22A52A2B800066009;
			productRefGroup = B7A1F0BC2A52A2B800066009 /* Products */;
			projectDirPath = "";
			projectRoot = "";
			targets = (
				B7A1F0BA2A52A2B800066009 /* OTTContents */,
			);
		};
/* End PBXProject section */

/* Begin PBXResourcesBuildPhase section */
		B7A1F0B92A52A2B800066009 /* Resources */ = {
			isa = PBXResourcesBuildPhase;
			buildActionMask = 2147483647;
			files = (
				B7A1F0C62A52A2B900066009 /* Preview Assets.xcassets in Resources */,
				B7A1F0C32A52A2B900066009 /* Assets.xcassets in Resources */,
			);
			runOnlyForDeploymentPostprocessing = 0;
		};
/* End PBXResourcesBuildPhase section */

/* Begin PBXSourcesBuildPhase section */
		B7A1F0B72A52A2B800066009 /* Sources */ = {
			isa = PBXSourcesBuildPhase;
			buildActionMask = 2147483647;
			files = (
				B7A1F0E02A52B16500066009 /* ComicView.swift in Sources */,
				B7A1F0CF2A52A8D900066009 /* MovieModel.swift in Sources */,
				B7A1F0DC2A52B15000066009 /* MovieView.swift in Sources */,
				B7A1F0DE2A52B15500066009 /* DramaView.swift in Sources */,
				B7A1F0C12A52A2B800066009 /* ContentView.swift in Sources */,
				B7A1F0E82A52B55500066009 /* ContentProtocol.swift in Sources */,
				B7A1F0BF2A52A2B800066009 /* OTTContentsApp.swift in Sources */,
				B7A1F0D12A52A8E100066009 /* DramaModel.swift in Sources */,
				B7A1F0E42A52B4E700066009 /* DramaDetailView.swift in Sources */,
				B7A1F0D82A52A97B00066009 /* ContentData.swift in Sources */,
				B7A1F0D62A52A92100066009 /* ContentModel.swift in Sources */,
				B7A1F0E62A52B50F00066009 /* ComicDetailView.swift in Sources */,
				B7A1F0D32A52A8EB00066009 /* ComicModel.swift in Sources */,
				B7A1F0E22A52B49800066009 /* MovieDetailView.swift in Sources */,
			);
			runOnlyForDeploymentPostprocessing = 0;
		};
/* End PBXSourcesBuildPhase section */

/* Begin XCBuildConfiguration section */
		B7A1F0C72A52A2B900066009 /* Debug */ = {
			isa = XCBuildConfiguration;
			buildSettings = {
				ALWAYS_SEARCH_USER_PATHS = NO;
				CLANG_ANALYZER_NONNULL = YES;
				CLANG_ANALYZER_NUMBER_OBJECT_CONVERSION = YES_AGGRESSIVE;
				CLANG_CXX_LANGUAGE_STANDARD = "gnu++20";
				CLANG_ENABLE_MODULES = YES;
				CLANG_ENABLE_OBJC_ARC = YES;
				CLANG_ENABLE_OBJC_WEAK = YES;
				CLANG_WARN_BLOCK_CAPTURE_AUTORELEASING = YES;
				CLANG_WARN_BOOL_CONVERSION = YES;
				CLANG_WARN_COMMA = YES;
				CLANG_WARN_CONSTANT_CONVERSION = YES;
				CLANG_WARN_DEPRECATED_OBJC_IMPLEMENTATIONS = YES;
				CLANG_WARN_DIRECT_OBJC_ISA_USAGE = YES_ERROR;
				CLANG_WARN_DOCUMENTATION_COMMENTS = YES;
				CLANG_WARN_EMPTY_BODY = YES;
				CLANG_WARN_ENUM_CONVERSION = YES;
				CLANG_WARN_INFINITE_RECURSION = YES;
				CLANG_WARN_INT_CONVERSION = YES;
				CLANG_WARN_NON_LITERAL_NULL_CONVERSION = YES;
				CLANG_WARN_OBJC_IMPLICIT_RETAIN_SELF = YES;
				CLANG_WARN_OBJC_LITERAL_CONVERSION = YES;
				CLANG_WARN_OBJC_ROOT_CLASS = YES_ERROR;
				CLANG_WARN_QUOTED_INCLUDE_IN_FRAMEWORK_HEADER = YES;
				CLANG_WARN_RANGE_LOOP_ANALYSIS = YES;
				CLANG_WARN_STRICT_PROTOTYPES = YES;
				CLANG_WARN_SUSPICIOUS_MOVE = YES;
				CLANG_WARN_UNGUARDED_AVAILABILITY = YES_AGGRESSIVE;
				CLANG_WARN_UNREACHABLE_CODE = YES;
				CLANG_WARN__DUPLICATE_METHOD_MATCH = YES;
				COPY_PHASE_STRIP = NO;
				DEBUG_INFORMATION_FORMAT = dwarf;
				ENABLE_STRICT_OBJC_MSGSEND = YES;
				ENABLE_TESTABILITY = YES;
				GCC_C_LANGUAGE_STANDARD = gnu11;
				GCC_DYNAMIC_NO_PIC = NO;
				GCC_NO_COMMON_BLOCKS = YES;
				GCC_OPTIMIZATION_LEVEL = 0;
				GCC_PREPROCESSOR_DEFINITIONS = (
					"DEBUG=1",
					"$(inherited)",
				);
				GCC_WARN_64_TO_32_BIT_CONVERSION = YES;
				GCC_WARN_ABOUT_RETURN_TYPE = YES_ERROR;
				GCC_WARN_UNDECLARED_SELECTOR = YES;
				GCC_WARN_UNINITIALIZED_AUTOS = YES_AGGRESSIVE;
				GCC_WARN_UNUSED_FUNCTION = YES;
				GCC_WARN_UNUSED_VARIABLE = YES;
				IPHONEOS_DEPLOYMENT_TARGET = 16.4;
				MTL_ENABLE_DEBUG_INFO = INCLUDE_SOURCE;
				MTL_FAST_MATH = YES;
				ONLY_ACTIVE_ARCH = YES;
				SDKROOT = iphoneos;
				SWIFT_ACTIVE_COMPILATION_CONDITIONS = DEBUG;
				SWIFT_OPTIMIZATION_LEVEL = "-Onone";
			};
			name = Debug;
		};
		B7A1F0C82A52A2B900066009 /* Release */ = {
			isa = XCBuildConfiguration;
			buildSettings = {
				ALWAYS_SEARCH_USER_PATHS = NO;
				CLANG_ANALYZER_NONNULL = YES;
				CLANG_ANALYZER_NUMBER_OBJECT_CONVERSION = YES_AGGRESSIVE;
				CLANG_CXX_LANGUAGE_STANDARD = "gnu++20";
				CLANG_ENABLE_MODULES = YES;
				CLANG_ENABLE_OBJC_ARC = YES;
				CLANG_ENABLE_OBJC_WEAK = YES;
				CLANG_WARN_BLOCK_CAPTURE_AUTORELEASING = YES;
				CLANG_WARN_BOOL_CONVERSION = YES;
				CLANG_WARN_COMMA = YES;
				CLANG_WARN_CONSTANT_CONVERSION = YES;
				CLANG_WARN_DEPRECATED_OBJC_IMPLEMENTATIONS = YES;
				CLANG_WARN_DIRECT_OBJC_ISA_USAGE = YES_ERROR;
				CLANG_WARN_DOCUMENTATION_COMMENTS = YES;
				CLANG_WARN_EMPTY_BODY = YES;
				CLANG_WARN_ENUM_CONVERSION = YES;
				CLANG_WARN_INFINITE_RECURSION = YES;
				CLANG_WARN_INT_CONVERSION = YES;
				CLANG_WARN_NON_LITERAL_NULL_CONVERSION = YES;
				CLANG_WARN_OBJC_IMPLICIT_RETAIN_SELF = YES;
				CLANG_WARN_OBJC_LITERAL_CONVERSION = YES;
				CLANG_WARN_OBJC_ROOT_CLASS = YES_ERROR;
				CLANG_WARN_QUOTED_INCLUDE_IN_FRAMEWORK_HEADER = YES;
				CLANG_WARN_RANGE_LOOP_ANALYSIS = YES;
				CLANG_WARN_STRICT_PROTOTYPES = YES;
				CLANG_WARN_SUSPICIOUS_MOVE = YES;
				CLANG_WARN_UNGUARDED_AVAILABILITY = YES_AGGRESSIVE;
				CLANG_WARN_UNREACHABLE_CODE = YES;
				CLANG_WARN__DUPLICATE_METHOD_MATCH = YES;
				COPY_PHASE_STRIP = NO;
				DEBUG_INFORMATION_FORMAT = "dwarf-with-dsym";
				ENABLE_NS_ASSERTIONS = NO;
				ENABLE_STRICT_OBJC_MSGSEND = YES;
				GCC_C_LANGUAGE_STANDARD = gnu11;
				GCC_NO_COMMON_BLOCKS = YES;
				GCC_WARN_64_TO_32_BIT_CONVERSION = YES;
				GCC_WARN_ABOUT_RETURN_TYPE = YES_ERROR;
				GCC_WARN_UNDECLARED_SELECTOR = YES;
				GCC_WARN_UNINITIALIZED_AUTOS = YES_AGGRESSIVE;
				GCC_WARN_UNUSED_FUNCTION = YES;
				GCC_WARN_UNUSED_VARIABLE = YES;
				IPHONEOS_DEPLOYMENT_TARGET = 16.4;
				MTL_ENABLE_DEBUG_INFO = NO;
				MTL_FAST_MATH = YES;
				SDKROOT = iphoneos;
				SWIFT_COMPILATION_MODE = wholemodule;
				SWIFT_OPTIMIZATION_LEVEL = "-O";
				VALIDATE_PRODUCT = YES;
			};
			name = Release;
		};
		B7A1F0CA2A52A2B900066009 /* Debug */ = {
			isa = XCBuildConfiguration;
			buildSettings = {
				ASSETCATALOG_COMPILER_APPICON_NAME = AppIcon;
				ASSETCATALOG_COMPILER_GLOBAL_ACCENT_COLOR_NAME = AccentColor;
				CODE_SIGN_STYLE = Automatic;
				CURRENT_PROJECT_VERSION = 1;
				DEVELOPMENT_ASSET_PATHS = "\"OTTContents/Preview Content\"";
				DEVELOPMENT_TEAM = M76T92YWCS;
				ENABLE_PREVIEWS = YES;
				GENERATE_INFOPLIST_FILE = YES;
				INFOPLIST_KEY_UIApplicationSceneManifest_Generation = YES;
				INFOPLIST_KEY_UIApplicationSupportsIndirectInputEvents = YES;
				INFOPLIST_KEY_UILaunchScreen_Generation = YES;
				INFOPLIST_KEY_UISupportedInterfaceOrientations_iPad = "UIInterfaceOrientationPortrait UIInterfaceOrientationPortraitUpsideDown UIInterfaceOrientationLandscapeLeft UIInterfaceOrientationLandscapeRight";
				INFOPLIST_KEY_UISupportedInterfaceOrientations_iPhone = "UIInterfaceOrientationPortrait UIInterfaceOrientationLandscapeLeft UIInterfaceOrientationLandscapeRight";
				LD_RUNPATH_SEARCH_PATHS = (
					"$(inherited)",
					"@executable_path/Frameworks",
				);
				MARKETING_VERSION = 1.0;
				PRODUCT_BUNDLE_IDENTIFIER = kaikim.OTTContents;
				PRODUCT_NAME = "$(TARGET_NAME)";
				SWIFT_EMIT_LOC_STRINGS = YES;
				SWIFT_VERSION = 5.0;
				TARGETED_DEVICE_FAMILY = "1,2";
			};
			name = Debug;
		};
		B7A1F0CB2A52A2B900066009 /* Release */ = {
			isa = XCBuildConfiguration;
			buildSettings = {
				ASSETCATALOG_COMPILER_APPICON_NAME = AppIcon;
				ASSETCATALOG_COMPILER_GLOBAL_ACCENT_COLOR_NAME = AccentColor;
				CODE_SIGN_STYLE = Automatic;
				CURRENT_PROJECT_VERSION = 1;
				DEVELOPMENT_ASSET_PATHS = "\"OTTContents/Preview Content\"";
				DEVELOPMENT_TEAM = M76T92YWCS;
				ENABLE_PREVIEWS = YES;
				GENERATE_INFOPLIST_FILE = YES;
				INFOPLIST_KEY_UIApplicationSceneManifest_Generation = YES;
				INFOPLIST_KEY_UIApplicationSupportsIndirectInputEvents = YES;
				INFOPLIST_KEY_UILaunchScreen_Generation = YES;
				INFOPLIST_KEY_UISupportedInterfaceOrientations_iPad = "UIInterfaceOrientationPortrait UIInterfaceOrientationPortraitUpsideDown UIInterfaceOrientationLandscapeLeft UIInterfaceOrientationLandscapeRight";
				INFOPLIST_KEY_UISupportedInterfaceOrientations_iPhone = "UIInterfaceOrientationPortrait UIInterfaceOrientationLandscapeLeft UIInterfaceOrientationLandscapeRight";
				LD_RUNPATH_SEARCH_PATHS = (
					"$(inherited)",
					"@executable_path/Frameworks",
				);
				MARKETING_VERSION = 1.0;
				PRODUCT_BUNDLE_IDENTIFIER = kaikim.OTTContents;
				PRODUCT_NAME = "$(TARGET_NAME)";
				SWIFT_EMIT_LOC_STRINGS = YES;
				SWIFT_VERSION = 5.0;
				TARGETED_DEVICE_FAMILY = "1,2";
			};
			name = Release;
		};
/* End XCBuildConfiguration section */

/* Begin XCConfigurationList section */
		B7A1F0B62A52A2B800066009 /* Build configuration list for PBXProject "OTTContents" */ = {
			isa = XCConfigurationList;
			buildConfigurations = (
				B7A1F0C72A52A2B900066009 /* Debug */,
				B7A1F0C82A52A2B900066009 /* Release */,
			);
			defaultConfigurationIsVisible = 0;
			defaultConfigurationName = Release;
		};
		B7A1F0C92A52A2B900066009 /* Build configuration list for PBXNativeTarget "OTTContents" */ = {
			isa = XCConfigurationList;
			buildConfigurations = (
				B7A1F0CA2A52A2B900066009 /* Debug */,
				B7A1F0CB2A52A2B900066009 /* Release */,
			);
			defaultConfigurationIsVisible = 0;
			defaultConfigurationName = Release;
		};
/* End XCConfigurationList section */
	};
	rootObject = B7A1F0B32A52A2B800066009 /* Project object */;
}
